
Microsoft Visual Studio Solution File, Format Version 12.00
# Visual Studio 14
VisualStudioVersion = 14.0.25420.1
MinimumVisualStudioVersion = 10.0.40219.1
Project("{2150E333-8FDC-42A3-9474-1A3956D46DE8}") = "src", "src", "{DC38E5E1-616B-400D-9F27-D29FC6CC4A89}"
EndProject
Project("{2150E333-8FDC-42A3-9474-1A3956D46DE8}") = "Solution Items", "Solution Items", "{E316BB2D-AE68-46AF-8178-64597DBDFEDF}"
	ProjectSection(SolutionItems) = preProject
		global.json = global.json
	EndProjectSection
EndProject
Project("{8BB2217D-0F2D-49D1-97BC-3654ED321F3B}") = "Aurelia_Scaffolding", "src\Aurelia_Scaffolding\Aurelia_Scaffolding.xproj", "{6250AF17-6EE6-4E16-A081-864D38860B51}"
EndProject
Global
	GlobalSection(SolutionConfigurationPlatforms) = preSolution
		Debug|Any CPU = Debug|Any CPU
		Release|Any CPU = Release|Any CPU
	EndGlobalSection
	GlobalSection(ProjectConfigurationPlatforms) = postSolution
		{6250AF17-6EE6-4E16-A081-864D38860B51}.Debug|Any CPU.ActiveCfg = Debug|Any CPU
		{6250AF17-6EE6-4E16-A081-864D38860B51}.Debug|Any CPU.Build.0 = Debug|Any CPU
		{6250AF17-6EE6-4E16-A081-864D38860B51}.Release|Any CPU.ActiveCfg = Release|Any CPU
		{6250AF17-6EE6-4E16-A081-864D38860B51}.Release|Any CPU.Build.0 = Release|Any CPU
	EndGlobalSection
	GlobalSection(SolutionProperties) = preSolution
		HideSolutionNode = FALSE
	EndGlobalSection
	GlobalSection(NestedProjects) = preSolution
		{6250AF17-6EE6-4E16-A081-864D38860B51} = {DC38E5E1-616B-400D-9F27-D29FC6CC4A89}
	EndGlobalSection
EndGlobal
